
Microsoft Visual Studio Solution File, Format Version 12.00
# Visual Studio Version 17
VisualStudioVersion = 17.0.31903.59
MinimumVisualStudioVersion = 10.0.40219.1
Project("{FAE04EC0-301F-11D3-BF4B-00C04F79EFBC}") = "home-ca-backend.Api", "home-ca-backend.Api\home-ca-backend.Api.csproj", "{8014AB62-DF56-430C-B801-E177001BCA66}"
EndProject
Project("{FAE04EC0-301F-11D3-BF4B-00C04F79EFBC}") = "home-ca-backend.Core", "home-ca-backend.Core\home-ca-backend.Core.csproj", "{153B7F59-CC52-4310-8FBC-C14641F36A52}"
EndProject
Project("{FAE04EC0-301F-11D3-BF4B-00C04F79EFBC}") = "home-ca-backend.Core.Tests", "home-ca-backend.Core.Tests\home-ca-backend.Core.Tests.csproj", "{76E13518-43E4-45F1-AF95-00680D692DF8}"
EndProject
Project("{FAE04EC0-301F-11D3-BF4B-00C04F79EFBC}") = "home-ca-backend.Database", "home-ca-backend.Database\home-ca-backend.Database.csproj", "{CA20CC26-BF7F-4C93-9A68-0F08A229A07A}"
EndProject
Project("{FAE04EC0-301F-11D3-BF4B-00C04F79EFBC}") = "home-ca-backend.Database.Tests", "home-ca-backend.Database.Tests\home-ca-backend.Database.Tests.csproj", "{B9B7C494-70C7-456E-A885-DF61ECB61D36}"
EndProject
Project("{FAE04EC0-301F-11D3-BF4B-00C04F79EFBC}") = "home-ca-backend.Api.Tests", "home-ca-backend.Api.Tests\home-ca-backend.Api.Tests.csproj", "{B7856D64-3EB7-48F8-8DE5-8153870D130F}"
	ProjectSection(ProjectDependencies) = postProject
		{8014AB62-DF56-430C-B801-E177001BCA66} = {8014AB62-DF56-430C-B801-E177001BCA66}
	EndProjectSection
EndProject
Project("{FAE04EC0-301F-11D3-BF4B-00C04F79EFBC}") = "home-ca-backend.Application", "home-ca-backend.Application\home-ca-backend.Application.csproj", "{9669D8CA-0371-4B28-BC96-B0726E71E52D}"
EndProject
Global
	GlobalSection(SolutionConfigurationPlatforms) = preSolution
		Debug|Any CPU = Debug|Any CPU
		Release|Any CPU = Release|Any CPU
	EndGlobalSection
	GlobalSection(SolutionProperties) = preSolution
		HideSolutionNode = FALSE
	EndGlobalSection
	GlobalSection(ProjectConfigurationPlatforms) = postSolution
		{8014AB62-DF56-430C-B801-E177001BCA66}.Debug|Any CPU.ActiveCfg = Debug|Any CPU
		{8014AB62-DF56-430C-B801-E177001BCA66}.Debug|Any CPU.Build.0 = Debug|Any CPU
		{8014AB62-DF56-430C-B801-E177001BCA66}.Release|Any CPU.ActiveCfg = Release|Any CPU
		{8014AB62-DF56-430C-B801-E177001BCA66}.Release|Any CPU.Build.0 = Release|Any CPU
		{153B7F59-CC52-4310-8FBC-C14641F36A52}.Debug|Any CPU.ActiveCfg = Debug|Any CPU
		{153B7F59-CC52-4310-8FBC-C14641F36A52}.Debug|Any CPU.Build.0 = Debug|Any CPU
		{153B7F59-CC52-4310-8FBC-C14641F36A52}.Release|Any CPU.ActiveCfg = Release|Any CPU
		{153B7F59-CC52-4310-8FBC-C14641F36A52}.Release|Any CPU.Build.0 = Release|Any CPU
		{76E13518-43E4-45F1-AF95-00680D692DF8}.Debug|Any CPU.ActiveCfg = Debug|Any CPU
		{76E13518-43E4-45F1-AF95-00680D692DF8}.Debug|Any CPU.Build.0 = Debug|Any CPU
		{76E13518-43E4-45F1-AF95-00680D692DF8}.Release|Any CPU.ActiveCfg = Release|Any CPU
		{76E13518-43E4-45F1-AF95-00680D692DF8}.Release|Any CPU.Build.0 = Release|Any CPU
		{CA20CC26-BF7F-4C93-9A68-0F08A229A07A}.Debug|Any CPU.ActiveCfg = Debug|Any CPU
		{CA20CC26-BF7F-4C93-9A68-0F08A229A07A}.Debug|Any CPU.Build.0 = Debug|Any CPU
		{CA20CC26-BF7F-4C93-9A68-0F08A229A07A}.Release|Any CPU.ActiveCfg = Release|Any CPU
		{CA20CC26-BF7F-4C93-9A68-0F08A229A07A}.Release|Any CPU.Build.0 = Release|Any CPU
		{B9B7C494-70C7-456E-A885-DF61ECB61D36}.Debug|Any CPU.ActiveCfg = Debug|Any CPU
		{B9B7C494-70C7-456E-A885-DF61ECB61D36}.Debug|Any CPU.Build.0 = Debug|Any CPU
		{B9B7C494-70C7-456E-A885-DF61ECB61D36}.Release|Any CPU.ActiveCfg = Release|Any CPU
		{B9B7C494-70C7-456E-A885-DF61ECB61D36}.Release|Any CPU.Build.0 = Release|Any CPU
		{B7856D64-3EB7-48F8-8DE5-8153870D130F}.Debug|Any CPU.ActiveCfg = Debug|Any CPU
		{B7856D64-3EB7-48F8-8DE5-8153870D130F}.Debug|Any CPU.Build.0 = Debug|Any CPU
		{B7856D64-3EB7-48F8-8DE5-8153870D130F}.Release|Any CPU.ActiveCfg = Release|Any CPU
		{B7856D64-3EB7-48F8-8DE5-8153870D130F}.Release|Any CPU.Build.0 = Release|Any CPU
		{9669D8CA-0371-4B28-BC96-B0726E71E52D}.Debug|Any CPU.ActiveCfg = Debug|Any CPU
		{9669D8CA-0371-4B28-BC96-B0726E71E52D}.Debug|Any CPU.Build.0 = Debug|Any CPU
		{9669D8CA-0371-4B28-BC96-B0726E71E52D}.Release|Any CPU.ActiveCfg = Release|Any CPU
		{9669D8CA-0371-4B28-BC96-B0726E71E52D}.Release|Any CPU.Build.0 = Release|Any CPU
	EndGlobalSection
EndGlobal
